
Microsoft Visual Studio Solution File, Format Version 12.00
# Visual Studio Version 17
VisualStudioVersion = 17.5.002.0
MinimumVisualStudioVersion = 10.0.40219.1
Project("{9A19103F-16F7-4668-BE54-9A1E7A4F7556}") = "CustomerService", "CustomerService\CustomerService.csproj", "{A95D1658-940B-4F51-A9C5-A0844D921C1D}"
EndProject
Global
	GlobalSection(SolutionConfigurationPlatforms) = preSolution
		Debug|Any CPU = Debug|Any CPU
		Release|Any CPU = Release|Any CPU
	EndGlobalSection
	GlobalSection(ProjectConfigurationPlatforms) = postSolution
		{A95D1658-940B-4F51-A9C5-A0844D921C1D}.Debug|Any CPU.ActiveCfg = Debug|Any CPU
		{A95D1658-940B-4F51-A9C5-A0844D921C1D}.Debug|Any CPU.Build.0 = Debug|Any CPU
		{A95D1658-940B-4F51-A9C5-A0844D921C1D}.Release|Any CPU.ActiveCfg = Release|Any CPU
		{A95D1658-940B-4F51-A9C5-A0844D921C1D}.Release|Any CPU.Build.0 = Release|Any CPU
	EndGlobalSection
	GlobalSection(SolutionProperties) = preSolution
		HideSolutionNode = FALSE
	EndGlobalSection
	GlobalSection(ExtensibilityGlobals) = postSolution
		SolutionGuid = {DD25933A-BE30-439C-BDB3-C22674573BCB}
	EndGlobalSection
EndGlobal
